
Microsoft Visual Studio Solution File, Format Version 12.00
# Visual Studio 2012
Project("{FAE04EC0-301F-11D3-BF4B-00C04F79EFBC}") = "Miquelon", "Miquelon\Miquelon.csproj", "{C851346E-D418-4C97-AAE4-201A21A109A6}"
EndProject
Global
	GlobalSection(SolutionConfigurationPlatforms) = preSolution
		Debug|x86 = Debug|x86
		Release|x86 = Release|x86
	EndGlobalSection
	GlobalSection(ProjectConfigurationPlatforms) = postSolution
		{C851346E-D418-4C97-AAE4-201A21A109A6}.Debug|x86.ActiveCfg = Debug|x86
		{C851346E-D418-4C97-AAE4-201A21A109A6}.Debug|x86.Build.0 = Debug|x86
		{C851346E-D418-4C97-AAE4-201A21A109A6}.Release|x86.ActiveCfg = Release|x86
		{C851346E-D418-4C97-AAE4-201A21A109A6}.Release|x86.Build.0 = Release|x86
	EndGlobalSection
	GlobalSection(SolutionProperties) = preSolution
		HideSolutionNode = FALSE
	EndGlobalSection
EndGlobal
